// !$*UTF8*$!
{
	archiveVersion = 1;
	classes = {
	};
	objectVersion = 46;
	objects = {

/* Begin PBXBuildFile section */
		2750DB21198D777E00E482FA /* SafeRoom.m in Sources */ = {isa = PBXBuildFile; fileRef = 2750DB20198D777E00E482FA /* SafeRoom.m */; };
		2750DB24198D7AB600E482FA /* SafeRoomAnnotation.m in Sources */ = {isa = PBXBuildFile; fileRef = 2750DB23198D7AB600E482FA /* SafeRoomAnnotation.m */; };
		2750DB26198D7D8A00E482FA /* saferoom.png in Resources */ = {isa = PBXBuildFile; fileRef = 2750DB25198D7D8A00E482FA /* saferoom.png */; };
		275B8F75198D056F001218DD /* Zombie.m in Sources */ = {isa = PBXBuildFile; fileRef = 275B8F74198D056F001218DD /* Zombie.m */; };
		275B8F78198D082E001218DD /* MathHelpers.m in Sources */ = {isa = PBXBuildFile; fileRef = 275B8F77198D082E001218DD /* MathHelpers.m */; };
		275B8F7B198D0FD6001218DD /* LatLon.m in Sources */ = {isa = PBXBuildFile; fileRef = 275B8F7A198D0FD6001218DD /* LatLon.m */; };
		275B8F7E198D1364001218DD /* ZombieAnnotation.m in Sources */ = {isa = PBXBuildFile; fileRef = 275B8F7D198D1364001218DD /* ZombieAnnotation.m */; };
		276C979D198980AA00086AB6 /* main.m in Sources */ = {isa = PBXBuildFile; fileRef = 276C979C198980AA00086AB6 /* main.m */; };
		276C97A0198980AA00086AB6 /* AppDelegate.m in Sources */ = {isa = PBXBuildFile; fileRef = 276C979F198980AA00086AB6 /* AppDelegate.m */; };
		276C97A2198980AA00086AB6 /* Shader.fsh in Resources */ = {isa = PBXBuildFile; fileRef = 276C97A1198980AA00086AB6 /* Shader.fsh */; };
		276C97A4198980AA00086AB6 /* Shader.vsh in Resources */ = {isa = PBXBuildFile; fileRef = 276C97A3198980AA00086AB6 /* Shader.vsh */; };
		276C97A7198980AA00086AB6 /* GameViewController.m in Sources */ = {isa = PBXBuildFile; fileRef = 276C97A6198980AA00086AB6 /* GameViewController.m */; };
		276C97AA198980AA00086AB6 /* Main.storyboard in Resources */ = {isa = PBXBuildFile; fileRef = 276C97A8198980AA00086AB6 /* Main.storyboard */; };
		276C97AC198980AA00086AB6 /* Images.xcassets in Resources */ = {isa = PBXBuildFile; fileRef = 276C97AB198980AA00086AB6 /* Images.xcassets */; };
		276C97B8198980AB00086AB6 /* Chase_ZTests.m in Sources */ = {isa = PBXBuildFile; fileRef = 276C97B7198980AB00086AB6 /* Chase_ZTests.m */; };
		276C97C3198981F000086AB6 /* MapViewController.m in Sources */ = {isa = PBXBuildFile; fileRef = 276C97C2198981F000086AB6 /* MapViewController.m */; };
		276C97C5198982BF00086AB6 /* MapKit.framework in Frameworks */ = {isa = PBXBuildFile; fileRef = 276C97C4198982BF00086AB6 /* MapKit.framework */; };
		277E9761198BCF7300A1EA74 /* ZombieHandler.m in Sources */ = {isa = PBXBuildFile; fileRef = 277E9760198BCF7300A1EA74 /* ZombieHandler.m */; };
		2791F3CD198D56A7005BF42F /* zombie.png in Resources */ = {isa = PBXBuildFile; fileRef = 2791F3CC198D56A7005BF42F /* zombie.png */; };
		27AF0AD7198ADE1500BE92B6 /* CoreLocation.framework in Frameworks */ = {isa = PBXBuildFile; fileRef = 27AF0AD6198ADE1500BE92B6 /* CoreLocation.framework */; };
/* End PBXBuildFile section */

/* Begin PBXContainerItemProxy section */
		276C97B2198980AB00086AB6 /* PBXContainerItemProxy */ = {
			isa = PBXContainerItemProxy;
			containerPortal = 276C978F198980AA00086AB6 /* Project object */;
			proxyType = 1;
			remoteGlobalIDString = 276C9796198980AA00086AB6;
			remoteInfo = "Chase Z";
		};
/* End PBXContainerItemProxy section */

/* Begin PBXFileReference section */
		2750DB1F198D777E00E482FA /* SafeRoom.h */ = {isa = PBXFileReference; fileEncoding = 4; lastKnownFileType = sourcecode.c.h; path = SafeRoom.h; sourceTree = "<group>"; };
		2750DB20198D777E00E482FA /* SafeRoom.m */ = {isa = PBXFileReference; fileEncoding = 4; lastKnownFileType = sourcecode.c.objc; path = SafeRoom.m; sourceTree = "<group>"; };
		2750DB22198D7AB600E482FA /* SafeRoomAnnotation.h */ = {isa = PBXFileReference; fileEncoding = 4; lastKnownFileType = sourcecode.c.h; name = SafeRoomAnnotation.h; path = ../SafeRoomAnnotation.h; sourceTree = "<group>"; };
		2750DB23198D7AB600E482FA /* SafeRoomAnnotation.m */ = {isa = PBXFileReference; fileEncoding = 4; lastKnownFileType = sourcecode.c.objc; name = SafeRoomAnnotation.m; path = ../SafeRoomAnnotation.m; sourceTree = "<group>"; };
		2750DB25198D7D8A00E482FA /* saferoom.png */ = {isa = PBXFileReference; lastKnownFileType = image.png; path = saferoom.png; sourceTree = "<group>"; };
		275B8F73198D056F001218DD /* Zombie.h */ = {isa = PBXFileReference; fileEncoding = 4; lastKnownFileType = sourcecode.c.h; path = Zombie.h; sourceTree = "<group>"; };
		275B8F74198D056F001218DD /* Zombie.m */ = {isa = PBXFileReference; fileEncoding = 4; lastKnownFileType = sourcecode.c.objc; path = Zombie.m; sourceTree = "<group>"; };
		275B8F76198D082E001218DD /* MathHelpers.h */ = {isa = PBXFileReference; fileEncoding = 4; lastKnownFileType = sourcecode.c.h; path = MathHelpers.h; sourceTree = "<group>"; };
		275B8F77198D082E001218DD /* MathHelpers.m */ = {isa = PBXFileReference; fileEncoding = 4; lastKnownFileType = sourcecode.c.objc; path = MathHelpers.m; sourceTree = "<group>"; };
		275B8F79198D0FD6001218DD /* LatLon.h */ = {isa = PBXFileReference; fileEncoding = 4; lastKnownFileType = sourcecode.c.h; name = LatLon.h; path = ../LatLon.h; sourceTree = "<group>"; };
		275B8F7A198D0FD6001218DD /* LatLon.m */ = {isa = PBXFileReference; fileEncoding = 4; lastKnownFileType = sourcecode.c.objc; name = LatLon.m; path = ../LatLon.m; sourceTree = "<group>"; };
		275B8F7C198D1364001218DD /* ZombieAnnotation.h */ = {isa = PBXFileReference; fileEncoding = 4; lastKnownFileType = sourcecode.c.h; path = ZombieAnnotation.h; sourceTree = "<group>"; };
		275B8F7D198D1364001218DD /* ZombieAnnotation.m */ = {isa = PBXFileReference; fileEncoding = 4; lastKnownFileType = sourcecode.c.objc; path = ZombieAnnotation.m; sourceTree = "<group>"; };
		276C9797198980AA00086AB6 /* Chase Z.app */ = {isa = PBXFileReference; explicitFileType = wrapper.application; includeInIndex = 0; path = "Chase Z.app"; sourceTree = BUILT_PRODUCTS_DIR; };
		276C979B198980AA00086AB6 /* Info.plist */ = {isa = PBXFileReference; lastKnownFileType = text.plist.xml; path = Info.plist; sourceTree = "<group>"; };
		276C979C198980AA00086AB6 /* main.m */ = {isa = PBXFileReference; lastKnownFileType = sourcecode.c.objc; path = main.m; sourceTree = "<group>"; };
		276C979E198980AA00086AB6 /* AppDelegate.h */ = {isa = PBXFileReference; lastKnownFileType = sourcecode.c.h; path = AppDelegate.h; sourceTree = "<group>"; };
		276C979F198980AA00086AB6 /* AppDelegate.m */ = {isa = PBXFileReference; lastKnownFileType = sourcecode.c.objc; path = AppDelegate.m; sourceTree = "<group>"; };
		276C97A1198980AA00086AB6 /* Shader.fsh */ = {isa = PBXFileReference; lastKnownFileType = sourcecode.glsl; name = Shader.fsh; path = Shaders/Shader.fsh; sourceTree = "<group>"; };
		276C97A3198980AA00086AB6 /* Shader.vsh */ = {isa = PBXFileReference; lastKnownFileType = sourcecode.glsl; name = Shader.vsh; path = Shaders/Shader.vsh; sourceTree = "<group>"; };
		276C97A5198980AA00086AB6 /* GameViewController.h */ = {isa = PBXFileReference; lastKnownFileType = sourcecode.c.h; path = GameViewController.h; sourceTree = "<group>"; };
		276C97A6198980AA00086AB6 /* GameViewController.m */ = {isa = PBXFileReference; lastKnownFileType = sourcecode.c.objc; path = GameViewController.m; sourceTree = "<group>"; };
		276C97A9198980AA00086AB6 /* Base */ = {isa = PBXFileReference; lastKnownFileType = file.storyboard; name = Base; path = Base.lproj/Main.storyboard; sourceTree = "<group>"; };
		276C97AB198980AA00086AB6 /* Images.xcassets */ = {isa = PBXFileReference; lastKnownFileType = folder.assetcatalog; path = Images.xcassets; sourceTree = "<group>"; };
		276C97B1198980AA00086AB6 /* Chase ZTests.xctest */ = {isa = PBXFileReference; explicitFileType = wrapper.cfbundle; includeInIndex = 0; path = "Chase ZTests.xctest"; sourceTree = BUILT_PRODUCTS_DIR; };
		276C97B6198980AB00086AB6 /* Info.plist */ = {isa = PBXFileReference; lastKnownFileType = text.plist.xml; path = Info.plist; sourceTree = "<group>"; };
		276C97B7198980AB00086AB6 /* Chase_ZTests.m */ = {isa = PBXFileReference; lastKnownFileType = sourcecode.c.objc; path = Chase_ZTests.m; sourceTree = "<group>"; };
		276C97C1198981F000086AB6 /* MapViewController.h */ = {isa = PBXFileReference; fileEncoding = 4; lastKnownFileType = sourcecode.c.h; path = MapViewController.h; sourceTree = "<group>"; };
		276C97C2198981F000086AB6 /* MapViewController.m */ = {isa = PBXFileReference; fileEncoding = 4; lastKnownFileType = sourcecode.c.objc; path = MapViewController.m; sourceTree = "<group>"; };
		276C97C4198982BF00086AB6 /* MapKit.framework */ = {isa = PBXFileReference; lastKnownFileType = wrapper.framework; name = MapKit.framework; path = System/Library/Frameworks/MapKit.framework; sourceTree = SDKROOT; };
		277E975F198BCF7300A1EA74 /* ZombieHandler.h */ = {isa = PBXFileReference; fileEncoding = 4; lastKnownFileType = sourcecode.c.h; path = ZombieHandler.h; sourceTree = "<group>"; };
		277E9760198BCF7300A1EA74 /* ZombieHandler.m */ = {isa = PBXFileReference; fileEncoding = 4; lastKnownFileType = sourcecode.c.objc; path = ZombieHandler.m; sourceTree = "<group>"; };
		2791F3CC198D56A7005BF42F /* zombie.png */ = {isa = PBXFileReference; lastKnownFileType = image.png; path = zombie.png; sourceTree = "<group>"; };
		27AF0AD6198ADE1500BE92B6 /* CoreLocation.framework */ = {isa = PBXFileReference; lastKnownFileType = wrapper.framework; name = CoreLocation.framework; path = System/Library/Frameworks/CoreLocation.framework; sourceTree = SDKROOT; };
/* End PBXFileReference section */

/* Begin PBXFrameworksBuildPhase section */
		276C9794198980AA00086AB6 /* Frameworks */ = {
			isa = PBXFrameworksBuildPhase;
			buildActionMask = 2147483647;
			files = (
				27AF0AD7198ADE1500BE92B6 /* CoreLocation.framework in Frameworks */,
				276C97C5198982BF00086AB6 /* MapKit.framework in Frameworks */,
			);
			runOnlyForDeploymentPostprocessing = 0;
		};
		276C97AE198980AA00086AB6 /* Frameworks */ = {
			isa = PBXFrameworksBuildPhase;
			buildActionMask = 2147483647;
			files = (
			);
			runOnlyForDeploymentPostprocessing = 0;
		};
/* End PBXFrameworksBuildPhase section */

/* Begin PBXGroup section */
		276C978E198980AA00086AB6 = {
			isa = PBXGroup;
			children = (
				27AF0AD6198ADE1500BE92B6 /* CoreLocation.framework */,
				276C97C4198982BF00086AB6 /* MapKit.framework */,
				276C9799198980AA00086AB6 /* Chase Z */,
				276C97B4198980AB00086AB6 /* Chase ZTests */,
				276C9798198980AA00086AB6 /* Products */,
			);
			sourceTree = "<group>";
		};
		276C9798198980AA00086AB6 /* Products */ = {
			isa = PBXGroup;
			children = (
				276C9797198980AA00086AB6 /* Chase Z.app */,
				276C97B1198980AA00086AB6 /* Chase ZTests.xctest */,
			);
			name = Products;
			sourceTree = "<group>";
		};
		276C9799198980AA00086AB6 /* Chase Z */ = {
			isa = PBXGroup;
			children = (
				275B8F73198D056F001218DD /* Zombie.h */,
				275B8F74198D056F001218DD /* Zombie.m */,
				2750DB1F198D777E00E482FA /* SafeRoom.h */,
				2750DB20198D777E00E482FA /* SafeRoom.m */,
				277E975F198BCF7300A1EA74 /* ZombieHandler.h */,
				277E9760198BCF7300A1EA74 /* ZombieHandler.m */,
				276C97C1198981F000086AB6 /* MapViewController.h */,
				276C97C2198981F000086AB6 /* MapViewController.m */,
				276C979E198980AA00086AB6 /* AppDelegate.h */,
				276C979F198980AA00086AB6 /* AppDelegate.m */,
				276C97A1198980AA00086AB6 /* Shader.fsh */,
				276C97A3198980AA00086AB6 /* Shader.vsh */,
				276C97A5198980AA00086AB6 /* GameViewController.h */,
				276C97A6198980AA00086AB6 /* GameViewController.m */,
				276C97A8198980AA00086AB6 /* Main.storyboard */,
				276C97AB198980AA00086AB6 /* Images.xcassets */,
				2750DB25198D7D8A00E482FA /* saferoom.png */,
				2791F3CC198D56A7005BF42F /* zombie.png */,
				276C979A198980AA00086AB6 /* Supporting Files */,
				275B8F76198D082E001218DD /* MathHelpers.h */,
				275B8F77198D082E001218DD /* MathHelpers.m */,
				275B8F79198D0FD6001218DD /* LatLon.h */,
				275B8F7A198D0FD6001218DD /* LatLon.m */,
				2750DB22198D7AB600E482FA /* SafeRoomAnnotation.h */,
				2750DB23198D7AB600E482FA /* SafeRoomAnnotation.m */,
				275B8F7C198D1364001218DD /* ZombieAnnotation.h */,
				275B8F7D198D1364001218DD /* ZombieAnnotation.m */,
			);
			path = "Chase Z";
			sourceTree = "<group>";
		};
		276C979A198980AA00086AB6 /* Supporting Files */ = {
			isa = PBXGroup;
			children = (
				276C979B198980AA00086AB6 /* Info.plist */,
				276C979C198980AA00086AB6 /* main.m */,
			);
			name = "Supporting Files";
			sourceTree = "<group>";
		};
		276C97B4198980AB00086AB6 /* Chase ZTests */ = {
			isa = PBXGroup;
			children = (
				276C97B7198980AB00086AB6 /* Chase_ZTests.m */,
				276C97B5198980AB00086AB6 /* Supporting Files */,
			);
			path = "Chase ZTests";
			sourceTree = "<group>";
		};
		276C97B5198980AB00086AB6 /* Supporting Files */ = {
			isa = PBXGroup;
			children = (
				276C97B6198980AB00086AB6 /* Info.plist */,
			);
			name = "Supporting Files";
			sourceTree = "<group>";
		};
/* End PBXGroup section */

/* Begin PBXNativeTarget section */
		276C9796198980AA00086AB6 /* Chase Z */ = {
			isa = PBXNativeTarget;
			buildConfigurationList = 276C97BB198980AB00086AB6 /* Build configuration list for PBXNativeTarget "Chase Z" */;
			buildPhases = (
				276C9793198980AA00086AB6 /* Sources */,
				276C9794198980AA00086AB6 /* Frameworks */,
				276C9795198980AA00086AB6 /* Resources */,
			);
			buildRules = (
			);
			dependencies = (
			);
			name = "Chase Z";
			productName = "Chase Z";
			productReference = 276C9797198980AA00086AB6 /* Chase Z.app */;
			productType = "com.apple.product-type.application";
		};
		276C97B0198980AA00086AB6 /* Chase ZTests */ = {
			isa = PBXNativeTarget;
			buildConfigurationList = 276C97BE198980AB00086AB6 /* Build configuration list for PBXNativeTarget "Chase ZTests" */;
			buildPhases = (
				276C97AD198980AA00086AB6 /* Sources */,
				276C97AE198980AA00086AB6 /* Frameworks */,
				276C97AF198980AA00086AB6 /* Resources */,
			);
			buildRules = (
			);
			dependencies = (
				276C97B3198980AB00086AB6 /* PBXTargetDependency */,
			);
			name = "Chase ZTests";
			productName = "Chase ZTests";
			productReference = 276C97B1198980AA00086AB6 /* Chase ZTests.xctest */;
			productType = "com.apple.product-type.bundle.unit-test";
		};
/* End PBXNativeTarget section */

/* Begin PBXProject section */
		276C978F198980AA00086AB6 /* Project object */ = {
			isa = PBXProject;
			attributes = {
				LastUpgradeCheck = 0600;
				ORGANIZATIONNAME = "James Coughlan";
				TargetAttributes = {
					276C9796198980AA00086AB6 = {
						CreatedOnToolsVersion = 6.0;
					};
					276C97B0198980AA00086AB6 = {
						CreatedOnToolsVersion = 6.0;
						TestTargetID = 276C9796198980AA00086AB6;
					};
				};
			};
			buildConfigurationList = 276C9792198980AA00086AB6 /* Build configuration list for PBXProject "Chase Z" */;
			compatibilityVersion = "Xcode 3.2";
			developmentRegion = English;
			hasScannedForEncodings = 0;
			knownRegions = (
				en,
				Base,
			);
			mainGroup = 276C978E198980AA00086AB6;
			productRefGroup = 276C9798198980AA00086AB6 /* Products */;
			projectDirPath = "";
			projectRoot = "";
			targets = (
				276C9796198980AA00086AB6 /* Chase Z */,
				276C97B0198980AA00086AB6 /* Chase ZTests */,
			);
		};
/* End PBXProject section */

/* Begin PBXResourcesBuildPhase section */
		276C9795198980AA00086AB6 /* Resources */ = {
			isa = PBXResourcesBuildPhase;
			buildActionMask = 2147483647;
			files = (
				276C97AA198980AA00086AB6 /* Main.storyboard in Resources */,
				276C97AC198980AA00086AB6 /* Images.xcassets in Resources */,
				276C97A4198980AA00086AB6 /* Shader.vsh in Resources */,
				2750DB26198D7D8A00E482FA /* saferoom.png in Resources */,
				2791F3CD198D56A7005BF42F /* zombie.png in Resources */,
				276C97A2198980AA00086AB6 /* Shader.fsh in Resources */,
			);
			runOnlyForDeploymentPostprocessing = 0;
		};
		276C97AF198980AA00086AB6 /* Resources */ = {
			isa = PBXResourcesBuildPhase;
			buildActionMask = 2147483647;
			files = (
			);
			runOnlyForDeploymentPostprocessing = 0;
		};
/* End PBXResourcesBuildPhase section */

/* Begin PBXSourcesBuildPhase section */
		276C9793198980AA00086AB6 /* Sources */ = {
			isa = PBXSourcesBuildPhase;
			buildActionMask = 2147483647;
			files = (
				2750DB24198D7AB600E482FA /* SafeRoomAnnotation.m in Sources */,
				275B8F7E198D1364001218DD /* ZombieAnnotation.m in Sources */,
				277E9761198BCF7300A1EA74 /* ZombieHandler.m in Sources */,
				276C97C3198981F000086AB6 /* MapViewController.m in Sources */,
				2750DB21198D777E00E482FA /* SafeRoom.m in Sources */,
				276C97A0198980AA00086AB6 /* AppDelegate.m in Sources */,
				275B8F75198D056F001218DD /* Zombie.m in Sources */,
				276C97A7198980AA00086AB6 /* GameViewController.m in Sources */,
				275B8F7B198D0FD6001218DD /* LatLon.m in Sources */,
				276C979D198980AA00086AB6 /* main.m in Sources */,
				275B8F78198D082E001218DD /* MathHelpers.m in Sources */,
			);
			runOnlyForDeploymentPostprocessing = 0;
		};
		276C97AD198980AA00086AB6 /* Sources */ = {
			isa = PBXSourcesBuildPhase;
			buildActionMask = 2147483647;
			files = (
				276C97B8198980AB00086AB6 /* Chase_ZTests.m in Sources */,
			);
			runOnlyForDeploymentPostprocessing = 0;
		};
/* End PBXSourcesBuildPhase section */

/* Begin PBXTargetDependency section */
		276C97B3198980AB00086AB6 /* PBXTargetDependency */ = {
			isa = PBXTargetDependency;
			target = 276C9796198980AA00086AB6 /* Chase Z */;
			targetProxy = 276C97B2198980AB00086AB6 /* PBXContainerItemProxy */;
		};
/* End PBXTargetDependency section */

/* Begin PBXVariantGroup section */
		276C97A8198980AA00086AB6 /* Main.storyboard */ = {
			isa = PBXVariantGroup;
			children = (
				276C97A9198980AA00086AB6 /* Base */,
			);
			name = Main.storyboard;
			sourceTree = "<group>";
		};
/* End PBXVariantGroup section */

/* Begin XCBuildConfiguration section */
		276C97B9198980AB00086AB6 /* Debug */ = {
			isa = XCBuildConfiguration;
			buildSettings = {
				ALWAYS_SEARCH_USER_PATHS = NO;
				CLANG_CXX_LANGUAGE_STANDARD = "gnu++0x";
				CLANG_CXX_LIBRARY = "libc++";
				CLANG_ENABLE_MODULES = YES;
				CLANG_ENABLE_OBJC_ARC = YES;
				CLANG_WARN_BOOL_CONVERSION = YES;
				CLANG_WARN_CONSTANT_CONVERSION = YES;
				CLANG_WARN_DIRECT_OBJC_ISA_USAGE = YES_ERROR;
				CLANG_WARN_EMPTY_BODY = YES;
				CLANG_WARN_ENUM_CONVERSION = YES;
				CLANG_WARN_INT_CONVERSION = YES;
				CLANG_WARN_OBJC_ROOT_CLASS = YES_ERROR;
				CLANG_WARN_UNREACHABLE_CODE = YES;
				CLANG_WARN__DUPLICATE_METHOD_MATCH = YES;
				"CODE_SIGN_IDENTITY[sdk=iphoneos*]" = "iPhone Developer";
				COPY_PHASE_STRIP = NO;
				ENABLE_STRICT_OBJC_MSGSEND = YES;
				GCC_C_LANGUAGE_STANDARD = gnu99;
				GCC_DYNAMIC_NO_PIC = NO;
				GCC_OPTIMIZATION_LEVEL = 0;
				GCC_PREPROCESSOR_DEFINITIONS = (
					"DEBUG=1",
					"$(inherited)",
				);
				GCC_SYMBOLS_PRIVATE_EXTERN = NO;
				GCC_WARN_64_TO_32_BIT_CONVERSION = YES;
				GCC_WARN_ABOUT_RETURN_TYPE = YES_ERROR;
				GCC_WARN_UNDECLARED_SELECTOR = YES;
				GCC_WARN_UNINITIALIZED_AUTOS = YES_AGGRESSIVE;
				GCC_WARN_UNUSED_FUNCTION = YES;
				GCC_WARN_UNUSED_VARIABLE = YES;
				IPHONEOS_DEPLOYMENT_TARGET = 8.0;
				MTL_ENABLE_DEBUG_INFO = YES;
				ONLY_ACTIVE_ARCH = YES;
				SDKROOT = iphoneos;
				TARGETED_DEVICE_FAMILY = "1,2";
			};
			name = Debug;
		};
		276C97BA198980AB00086AB6 /* Release */ = {
			isa = XCBuildConfiguration;
			buildSettings = {
				ALWAYS_SEARCH_USER_PATHS = NO;
				CLANG_CXX_LANGUAGE_STANDARD = "gnu++0x";
				CLANG_CXX_LIBRARY = "libc++";
				CLANG_ENABLE_MODULES = YES;
				CLANG_ENABLE_OBJC_ARC = YES;
				CLANG_WARN_BOOL_CONVERSION = YES;
				CLANG_WARN_CONSTANT_CONVERSION = YES;
				CLANG_WARN_DIRECT_OBJC_ISA_USAGE = YES_ERROR;
				CLANG_WARN_EMPTY_BODY = YES;
				CLANG_WARN_ENUM_CONVERSION = YES;
				CLANG_WARN_INT_CONVERSION = YES;
				CLANG_WARN_OBJC_ROOT_CLASS = YES_ERROR;
				CLANG_WARN_UNREACHABLE_CODE = YES;
				CLANG_WARN__DUPLICATE_METHOD_MATCH = YES;
				"CODE_SIGN_IDENTITY[sdk=iphoneos*]" = "iPhone Developer";
				COPY_PHASE_STRIP = YES;
				ENABLE_NS_ASSERTIONS = NO;
				ENABLE_STRICT_OBJC_MSGSEND = YES;
				GCC_C_LANGUAGE_STANDARD = gnu99;
				GCC_WARN_64_TO_32_BIT_CONVERSION = YES;
				GCC_WARN_ABOUT_RETURN_TYPE = YES_ERROR;
				GCC_WARN_UNDECLARED_SELECTOR = YES;
				GCC_WARN_UNINITIALIZED_AUTOS = YES_AGGRESSIVE;
				GCC_WARN_UNUSED_FUNCTION = YES;
				GCC_WARN_UNUSED_VARIABLE = YES;
				IPHONEOS_DEPLOYMENT_TARGET = 8.0;
				MTL_ENABLE_DEBUG_INFO = NO;
				SDKROOT = iphoneos;
				TARGETED_DEVICE_FAMILY = "1,2";
				VALIDATE_PRODUCT = YES;
			};
			name = Release;
		};
		276C97BC198980AB00086AB6 /* Debug */ = {
			isa = XCBuildConfiguration;
			buildSettings = {
				ASSETCATALOG_COMPILER_APPICON_NAME = AppIcon;
				ASSETCATALOG_COMPILER_LAUNCHIMAGE_NAME = LaunchImage;
				INFOPLIST_FILE = "Chase Z/Info.plist";
				IPHONEOS_DEPLOYMENT_TARGET = 7.0;
				LD_RUNPATH_SEARCH_PATHS = "$(inherited) @executable_path/Frameworks";
				PRODUCT_NAME = "$(TARGET_NAME)";
			};
			name = Debug;
		};
		276C97BD198980AB00086AB6 /* Release */ = {
			isa = XCBuildConfiguration;
			buildSettings = {
				ASSETCATALOG_COMPILER_APPICON_NAME = AppIcon;
				ASSETCATALOG_COMPILER_LAUNCHIMAGE_NAME = LaunchImage;
				INFOPLIST_FILE = "Chase Z/Info.plist";
				IPHONEOS_DEPLOYMENT_TARGET = 7.0;
				LD_RUNPATH_SEARCH_PATHS = "$(inherited) @executable_path/Frameworks";
				PRODUCT_NAME = "$(TARGET_NAME)";
			};
			name = Release;
		};
		276C97BF198980AB00086AB6 /* Debug */ = {
			isa = XCBuildConfiguration;
			buildSettings = {
				BUNDLE_LOADER = "$(BUILT_PRODUCTS_DIR)/Chase Z.app/Chase Z";
				FRAMEWORK_SEARCH_PATHS = (
					"$(SDKROOT)/Developer/Library/Frameworks",
					"$(inherited)",
				);
				GCC_PREPROCESSOR_DEFINITIONS = (
					"DEBUG=1",
					"$(inherited)",
				);
				INFOPLIST_FILE = "Chase ZTests/Info.plist";
				LD_RUNPATH_SEARCH_PATHS = "$(inherited) @executable_path/Frameworks @loader_path/Frameworks";
				PRODUCT_NAME = "$(TARGET_NAME)";
				TEST_HOST = "$(BUNDLE_LOADER)";
			};
			name = Debug;
		};
		276C97C0198980AB00086AB6 /* Release */ = {
			isa = XCBuildConfiguration;
			buildSettings = {
				BUNDLE_LOADER = "$(BUILT_PRODUCTS_DIR)/Chase Z.app/Chase Z";
				FRAMEWORK_SEARCH_PATHS = (
					"$(SDKROOT)/Developer/Library/Frameworks",
					"$(inherited)",
				);
				INFOPLIST_FILE = "Chase ZTests/Info.plist";
				LD_RUNPATH_SEARCH_PATHS = "$(inherited) @executable_path/Frameworks @loader_path/Frameworks";
				PRODUCT_NAME = "$(TARGET_NAME)";
				TEST_HOST = "$(BUNDLE_LOADER)";
			};
			name = Release;
		};
/* End XCBuildConfiguration section */

/* Begin XCConfigurationList section */
		276C9792198980AA00086AB6 /* Build configuration list for PBXProject "Chase Z" */ = {
			isa = XCConfigurationList;
			buildConfigurations = (
				276C97B9198980AB00086AB6 /* Debug */,
				276C97BA198980AB00086AB6 /* Release */,
			);
			defaultConfigurationIsVisible = 0;
			defaultConfigurationName = Release;
		};
		276C97BB198980AB00086AB6 /* Build configuration list for PBXNativeTarget "Chase Z" */ = {
			isa = XCConfigurationList;
			buildConfigurations = (
				276C97BC198980AB00086AB6 /* Debug */,
				276C97BD198980AB00086AB6 /* Release */,
			);
			defaultConfigurationIsVisible = 0;
			defaultConfigurationName = Release;
		};
		276C97BE198980AB00086AB6 /* Build configuration list for PBXNativeTarget "Chase ZTests" */ = {
			isa = XCConfigurationList;
			buildConfigurations = (
				276C97BF198980AB00086AB6 /* Debug */,
				276C97C0198980AB00086AB6 /* Release */,
			);
			defaultConfigurationIsVisible = 0;
			defaultConfigurationName = Release;
		};
/* End XCConfigurationList section */
	};
	rootObject = 276C978F198980AA00086AB6 /* Project object */;
}
